// !$*UTF8*$!
{
	archiveVersion = 1;
	classes = {
	};
	objectVersion = 56;
	objects = {

/* Begin PBXBuildFile section */
		52BD90452AE82B67005671C5 /* ComposableNavigationDemoApp.swift in Sources */ = {isa = PBXBuildFile; fileRef = 52BD90442AE82B67005671C5 /* ComposableNavigationDemoApp.swift */; };
		52BD90492AE82B69005671C5 /* Assets.xcassets in Resources */ = {isa = PBXBuildFile; fileRef = 52BD90482AE82B69005671C5 /* Assets.xcassets */; };
		52BD904C2AE82B69005671C5 /* Preview Assets.xcassets in Resources */ = {isa = PBXBuildFile; fileRef = 52BD904B2AE82B69005671C5 /* Preview Assets.xcassets */; };
		52BD90542AE82BC0005671C5 /* ComposableArchitecture in Frameworks */ = {isa = PBXBuildFile; productRef = 52BD90532AE82BC0005671C5 /* ComposableArchitecture */; };
		52BD90562AE82BCF005671C5 /* Navigation.swift in Sources */ = {isa = PBXBuildFile; fileRef = 52BD90552AE82BCF005671C5 /* Navigation.swift */; };
		52BD90582AE831D0005671C5 /* RootFeature.swift in Sources */ = {isa = PBXBuildFile; fileRef = 52BD90572AE831D0005671C5 /* RootFeature.swift */; };
		52BD905A2AE85181005671C5 /* ColorsFeature.swift in Sources */ = {isa = PBXBuildFile; fileRef = 52BD90592AE85181005671C5 /* ColorsFeature.swift */; };
		52BD905C2AE851BB005671C5 /* TextFeature.swift in Sources */ = {isa = PBXBuildFile; fileRef = 52BD905B2AE851BB005671C5 /* TextFeature.swift */; };
		52BD905E2AE853DF005671C5 /* TabFeature.swift in Sources */ = {isa = PBXBuildFile; fileRef = 52BD905D2AE853DF005671C5 /* TabFeature.swift */; };
/* End PBXBuildFile section */

/* Begin PBXFileReference section */
		52BD90412AE82B67005671C5 /* ComposableNavigationDemo.app */ = {isa = PBXFileReference; explicitFileType = wrapper.application; includeInIndex = 0; path = ComposableNavigationDemo.app; sourceTree = BUILT_PRODUCTS_DIR; };
		52BD90442AE82B67005671C5 /* ComposableNavigationDemoApp.swift */ = {isa = PBXFileReference; lastKnownFileType = sourcecode.swift; path = ComposableNavigationDemoApp.swift; sourceTree = "<group>"; };
		52BD90482AE82B69005671C5 /* Assets.xcassets */ = {isa = PBXFileReference; lastKnownFileType = folder.assetcatalog; path = Assets.xcassets; sourceTree = "<group>"; };
		52BD904B2AE82B69005671C5 /* Preview Assets.xcassets */ = {isa = PBXFileReference; lastKnownFileType = folder.assetcatalog; path = "Preview Assets.xcassets"; sourceTree = "<group>"; };
		52BD90552AE82BCF005671C5 /* Navigation.swift */ = {isa = PBXFileReference; lastKnownFileType = sourcecode.swift; path = Navigation.swift; sourceTree = "<group>"; };
		52BD90572AE831D0005671C5 /* RootFeature.swift */ = {isa = PBXFileReference; lastKnownFileType = sourcecode.swift; path = RootFeature.swift; sourceTree = "<group>"; };
		52BD90592AE85181005671C5 /* ColorsFeature.swift */ = {isa = PBXFileReference; lastKnownFileType = sourcecode.swift; path = ColorsFeature.swift; sourceTree = "<group>"; };
		52BD905B2AE851BB005671C5 /* TextFeature.swift */ = {isa = PBXFileReference; lastKnownFileType = sourcecode.swift; path = TextFeature.swift; sourceTree = "<group>"; };
		52BD905D2AE853DF005671C5 /* TabFeature.swift */ = {isa = PBXFileReference; lastKnownFileType = sourcecode.swift; path = TabFeature.swift; sourceTree = "<group>"; };
/* End PBXFileReference section */

/* Begin PBXFrameworksBuildPhase section */
		52BD903E2AE82B67005671C5 /* Frameworks */ = {
			isa = PBXFrameworksBuildPhase;
			buildActionMask = 2147483647;
			files = (
				52BD90542AE82BC0005671C5 /* ComposableArchitecture in Frameworks */,
			);
			runOnlyForDeploymentPostprocessing = 0;
		};
/* End PBXFrameworksBuildPhase section */

/* Begin PBXGroup section */
		52BD90382AE82B67005671C5 = {
			isa = PBXGroup;
			children = (
				52BD90432AE82B67005671C5 /* ComposableNavigationDemo */,
				52BD90422AE82B67005671C5 /* Products */,
			);
			sourceTree = "<group>";
		};
		52BD90422AE82B67005671C5 /* Products */ = {
			isa = PBXGroup;
			children = (
				52BD90412AE82B67005671C5 /* ComposableNavigationDemo.app */,
			);
			name = Products;
			sourceTree = "<group>";
		};
		52BD90432AE82B67005671C5 /* ComposableNavigationDemo */ = {
			isa = PBXGroup;
			children = (
				52BD90442AE82B67005671C5 /* ComposableNavigationDemoApp.swift */,
				52BD905D2AE853DF005671C5 /* TabFeature.swift */,
				52BD90572AE831D0005671C5 /* RootFeature.swift */,
				52BD90592AE85181005671C5 /* ColorsFeature.swift */,
				52BD905B2AE851BB005671C5 /* TextFeature.swift */,
				52BD90552AE82BCF005671C5 /* Navigation.swift */,
				52BD90482AE82B69005671C5 /* Assets.xcassets */,
				52BD904A2AE82B69005671C5 /* Preview Content */,
			);
			path = ComposableNavigationDemo;
			sourceTree = "<group>";
		};
		52BD904A2AE82B69005671C5 /* Preview Content */ = {
			isa = PBXGroup;
			children = (
				52BD904B2AE82B69005671C5 /* Preview Assets.xcassets */,
			);
			path = "Preview Content";
			sourceTree = "<group>";
		};
/* End PBXGroup section */

/* Begin PBXNativeTarget section */
		52BD90402AE82B67005671C5 /* ComposableNavigationDemo */ = {
			isa = PBXNativeTarget;
			buildConfigurationList = 52BD904F2AE82B69005671C5 /* Build configuration list for PBXNativeTarget "ComposableNavigationDemo" */;
			buildPhases = (
				52BD903D2AE82B67005671C5 /* Sources */,
				52BD903E2AE82B67005671C5 /* Frameworks */,
				52BD903F2AE82B67005671C5 /* Resources */,
			);
			buildRules = (
			);
			dependencies = (
			);
			name = ComposableNavigationDemo;
			packageProductDependencies = (
				52BD90532AE82BC0005671C5 /* ComposableArchitecture */,
			);
			productName = ComposableNavigationDemo;
			productReference = 52BD90412AE82B67005671C5 /* ComposableNavigationDemo.app */;
			productType = "com.apple.product-type.application";
		};
/* End PBXNativeTarget section */

/* Begin PBXProject section */
		52BD90392AE82B67005671C5 /* Project object */ = {
			isa = PBXProject;
			attributes = {
				BuildIndependentTargetsInParallel = 1;
				LastSwiftUpdateCheck = 1500;
				LastUpgradeCheck = 1500;
				TargetAttributes = {
					52BD90402AE82B67005671C5 = {
						CreatedOnToolsVersion = 15.0;
					};
				};
			};
			buildConfigurationList = 52BD903C2AE82B67005671C5 /* Build configuration list for PBXProject "ComposableNavigationDemo" */;
			compatibilityVersion = "Xcode 14.0";
			developmentRegion = en;
			hasScannedForEncodings = 0;
			knownRegions = (
				en,
				Base,
			);
			mainGroup = 52BD90382AE82B67005671C5;
			packageReferences = (
				52BD90522AE82BC0005671C5 /* XCRemoteSwiftPackageReference "swift-composable-architecture" */,
			);
			productRefGroup = 52BD90422AE82B67005671C5 /* Products */;
			projectDirPath = "";
			projectRoot = "";
			targets = (
				52BD90402AE82B67005671C5 /* ComposableNavigationDemo */,
			);
		};
/* End PBXProject section */

/* Begin PBXResourcesBuildPhase section */
		52BD903F2AE82B67005671C5 /* Resources */ = {
			isa = PBXResourcesBuildPhase;
			buildActionMask = 2147483647;
			files = (
				52BD904C2AE82B69005671C5 /* Preview Assets.xcassets in Resources */,
				52BD90492AE82B69005671C5 /* Assets.xcassets in Resources */,
			);
			runOnlyForDeploymentPostprocessing = 0;
		};
/* End PBXResourcesBuildPhase section */

/* Begin PBXSourcesBuildPhase section */
		52BD903D2AE82B67005671C5 /* Sources */ = {
			isa = PBXSourcesBuildPhase;
			buildActionMask = 2147483647;
			files = (
				52BD90582AE831D0005671C5 /* RootFeature.swift in Sources */,
				52BD905C2AE851BB005671C5 /* TextFeature.swift in Sources */,
				52BD905E2AE853DF005671C5 /* TabFeature.swift in Sources */,
				52BD90562AE82BCF005671C5 /* Navigation.swift in Sources */,
				52BD905A2AE85181005671C5 /* ColorsFeature.swift in Sources */,
				52BD90452AE82B67005671C5 /* ComposableNavigationDemoApp.swift in Sources */,
			);
			runOnlyForDeploymentPostprocessing = 0;
		};
/* End PBXSourcesBuildPhase section */

/* Begin XCBuildConfiguration section */
		52BD904D2AE82B69005671C5 /* Debug */ = {
			isa = XCBuildConfiguration;
			buildSettings = {
				ALWAYS_SEARCH_USER_PATHS = NO;
				ASSETCATALOG_COMPILER_GENERATE_SWIFT_ASSET_SYMBOL_EXTENSIONS = YES;
				CLANG_ANALYZER_NONNULL = YES;
				CLANG_ANALYZER_NUMBER_OBJECT_CONVERSION = YES_AGGRESSIVE;
				CLANG_CXX_LANGUAGE_STANDARD = "gnu++20";
				CLANG_ENABLE_MODULES = YES;
				CLANG_ENABLE_OBJC_ARC = YES;
				CLANG_ENABLE_OBJC_WEAK = YES;
				CLANG_WARN_BLOCK_CAPTURE_AUTORELEASING = YES;
				CLANG_WARN_BOOL_CONVERSION = YES;
				CLANG_WARN_COMMA = YES;
				CLANG_WARN_CONSTANT_CONVERSION = YES;
				CLANG_WARN_DEPRECATED_OBJC_IMPLEMENTATIONS = YES;
				CLANG_WARN_DIRECT_OBJC_ISA_USAGE = YES_ERROR;
				CLANG_WARN_DOCUMENTATION_COMMENTS = YES;
				CLANG_WARN_EMPTY_BODY = YES;
				CLANG_WARN_ENUM_CONVERSION = YES;
				CLANG_WARN_INFINITE_RECURSION = YES;
				CLANG_WARN_INT_CONVERSION = YES;
				CLANG_WARN_NON_LITERAL_NULL_CONVERSION = YES;
				CLANG_WARN_OBJC_IMPLICIT_RETAIN_SELF = YES;
				CLANG_WARN_OBJC_LITERAL_CONVERSION = YES;
				CLANG_WARN_OBJC_ROOT_CLASS = YES_ERROR;
				CLANG_WARN_QUOTED_INCLUDE_IN_FRAMEWORK_HEADER = YES;
				CLANG_WARN_RANGE_LOOP_ANALYSIS = YES;
				CLANG_WARN_STRICT_PROTOTYPES = YES;
				CLANG_WARN_SUSPICIOUS_MOVE = YES;
				CLANG_WARN_UNGUARDED_AVAILABILITY = YES_AGGRESSIVE;
				CLANG_WARN_UNREACHABLE_CODE = YES;
				CLANG_WARN__DUPLICATE_METHOD_MATCH = YES;
				COPY_PHASE_STRIP = NO;
				DEBUG_INFORMATION_FORMAT = dwarf;
				ENABLE_STRICT_OBJC_MSGSEND = YES;
				ENABLE_TESTABILITY = YES;
				ENABLE_USER_SCRIPT_SANDBOXING = YES;
				GCC_C_LANGUAGE_STANDARD = gnu17;
				GCC_DYNAMIC_NO_PIC = NO;
				GCC_NO_COMMON_BLOCKS = YES;
				GCC_OPTIMIZATION_LEVEL = 0;
				GCC_PREPROCESSOR_DEFINITIONS = (
					"DEBUG=1",
					"$(inherited)",
				);
				GCC_WARN_64_TO_32_BIT_CONVERSION = YES;
				GCC_WARN_ABOUT_RETURN_TYPE = YES_ERROR;
				GCC_WARN_UNDECLARED_SELECTOR = YES;
				GCC_WARN_UNINITIALIZED_AUTOS = YES_AGGRESSIVE;
				GCC_WARN_UNUSED_FUNCTION = YES;
				GCC_WARN_UNUSED_VARIABLE = YES;
				IPHONEOS_DEPLOYMENT_TARGET = 17.0;
				LOCALIZATION_PREFERS_STRING_CATALOGS = YES;
				MTL_ENABLE_DEBUG_INFO = INCLUDE_SOURCE;
				MTL_FAST_MATH = YES;
				ONLY_ACTIVE_ARCH = YES;
				SDKROOT = iphoneos;
				SWIFT_ACTIVE_COMPILATION_CONDITIONS = "DEBUG $(inherited)";
				SWIFT_OPTIMIZATION_LEVEL = "-Onone";
			};
			name = Debug;
		};
		52BD904E2AE82B69005671C5 /* Release */ = {
			isa = XCBuildConfiguration;
			buildSettings = {
				ALWAYS_SEARCH_USER_PATHS = NO;
				ASSETCATALOG_COMPILER_GENERATE_SWIFT_ASSET_SYMBOL_EXTENSIONS = YES;
				CLANG_ANALYZER_NONNULL = YES;
				CLANG_ANALYZER_NUMBER_OBJECT_CONVERSION = YES_AGGRESSIVE;
				CLANG_CXX_LANGUAGE_STANDARD = "gnu++20";
				CLANG_ENABLE_MODULES = YES;
				CLANG_ENABLE_OBJC_ARC = YES;
				CLANG_ENABLE_OBJC_WEAK = YES;
				CLANG_WARN_BLOCK_CAPTURE_AUTORELEASING = YES;
				CLANG_WARN_BOOL_CONVERSION = YES;
				CLANG_WARN_COMMA = YES;
				CLANG_WARN_CONSTANT_CONVERSION = YES;
				CLANG_WARN_DEPRECATED_OBJC_IMPLEMENTATIONS = YES;
				CLANG_WARN_DIRECT_OBJC_ISA_USAGE = YES_ERROR;
				CLANG_WARN_DOCUMENTATION_COMMENTS = YES;
				CLANG_WARN_EMPTY_BODY = YES;
				CLANG_WARN_ENUM_CONVERSION = YES;
				CLANG_WARN_INFINITE_RECURSION = YES;
				CLANG_WARN_INT_CONVERSION = YES;
				CLANG_WARN_NON_LITERAL_NULL_CONVERSION = YES;
				CLANG_WARN_OBJC_IMPLICIT_RETAIN_SELF = YES;
				CLANG_WARN_OBJC_LITERAL_CONVERSION = YES;
				CLANG_WARN_OBJC_ROOT_CLASS = YES_ERROR;
				CLANG_WARN_QUOTED_INCLUDE_IN_FRAMEWORK_HEADER = YES;
				CLANG_WARN_RANGE_LOOP_ANALYSIS = YES;
				CLANG_WARN_STRICT_PROTOTYPES = YES;
				CLANG_WARN_SUSPICIOUS_MOVE = YES;
				CLANG_WARN_UNGUARDED_AVAILABILITY = YES_AGGRESSIVE;
				CLANG_WARN_UNREACHABLE_CODE = YES;
				CLANG_WARN__DUPLICATE_METHOD_MATCH = YES;
				COPY_PHASE_STRIP = NO;
				DEBUG_INFORMATION_FORMAT = "dwarf-with-dsym";
				ENABLE_NS_ASSERTIONS = NO;
				ENABLE_STRICT_OBJC_MSGSEND = YES;
				ENABLE_USER_SCRIPT_SANDBOXING = YES;
				GCC_C_LANGUAGE_STANDARD = gnu17;
				GCC_NO_COMMON_BLOCKS = YES;
				GCC_WARN_64_TO_32_BIT_CONVERSION = YES;
				GCC_WARN_ABOUT_RETURN_TYPE = YES_ERROR;
				GCC_WARN_UNDECLARED_SELECTOR = YES;
				GCC_WARN_UNINITIALIZED_AUTOS = YES_AGGRESSIVE;
				GCC_WARN_UNUSED_FUNCTION = YES;
				GCC_WARN_UNUSED_VARIABLE = YES;
				IPHONEOS_DEPLOYMENT_TARGET = 17.0;
				LOCALIZATION_PREFERS_STRING_CATALOGS = YES;
				MTL_ENABLE_DEBUG_INFO = NO;
				MTL_FAST_MATH = YES;
				SDKROOT = iphoneos;
				SWIFT_COMPILATION_MODE = wholemodule;
				VALIDATE_PRODUCT = YES;
			};
			name = Release;
		};
		52BD90502AE82B69005671C5 /* Debug */ = {
			isa = XCBuildConfiguration;
			buildSettings = {
				ASSETCATALOG_COMPILER_APPICON_NAME = AppIcon;
				ASSETCATALOG_COMPILER_GLOBAL_ACCENT_COLOR_NAME = AccentColor;
				CODE_SIGN_STYLE = Automatic;
				CURRENT_PROJECT_VERSION = 1;
				DEVELOPMENT_ASSET_PATHS = "\"ComposableNavigationDemo/Preview Content\"";
				DEVELOPMENT_TEAM = 3PTYV272Z4;
				ENABLE_PREVIEWS = YES;
				GENERATE_INFOPLIST_FILE = YES;
				INFOPLIST_KEY_UIApplicationSceneManifest_Generation = YES;
				INFOPLIST_KEY_UIApplicationSupportsIndirectInputEvents = YES;
				INFOPLIST_KEY_UILaunchScreen_Generation = YES;
				INFOPLIST_KEY_UISupportedInterfaceOrientations_iPad = "UIInterfaceOrientationPortrait UIInterfaceOrientationPortraitUpsideDown UIInterfaceOrientationLandscapeLeft UIInterfaceOrientationLandscapeRight";
				INFOPLIST_KEY_UISupportedInterfaceOrientations_iPhone = "UIInterfaceOrientationPortrait UIInterfaceOrientationLandscapeLeft UIInterfaceOrientationLandscapeRight";
				LD_RUNPATH_SEARCH_PATHS = (
					"$(inherited)",
					"@executable_path/Frameworks",
				);
				MARKETING_VERSION = 1.0;
				PRODUCT_BUNDLE_IDENTIFIER = com.kr.ssh.ComposableNavigationDemo;
				PRODUCT_NAME = "$(TARGET_NAME)";
				SWIFT_EMIT_LOC_STRINGS = YES;
				SWIFT_VERSION = 5.0;
				TARGETED_DEVICE_FAMILY = "1,2";
			};
			name = Debug;
		};
		52BD90512AE82B69005671C5 /* Release */ = {
			isa = XCBuildConfiguration;
			buildSettings = {
				ASSETCATALOG_COMPILER_APPICON_NAME = AppIcon;
				ASSETCATALOG_COMPILER_GLOBAL_ACCENT_COLOR_NAME = AccentColor;
				CODE_SIGN_STYLE = Automatic;
				CURRENT_PROJECT_VERSION = 1;
				DEVELOPMENT_ASSET_PATHS = "\"ComposableNavigationDemo/Preview Content\"";
				DEVELOPMENT_TEAM = 3PTYV272Z4;
				ENABLE_PREVIEWS = YES;
				GENERATE_INFOPLIST_FILE = YES;
				INFOPLIST_KEY_UIApplicationSceneManifest_Generation = YES;
				INFOPLIST_KEY_UIApplicationSupportsIndirectInputEvents = YES;
				INFOPLIST_KEY_UILaunchScreen_Generation = YES;
				INFOPLIST_KEY_UISupportedInterfaceOrientations_iPad = "UIInterfaceOrientationPortrait UIInterfaceOrientationPortraitUpsideDown UIInterfaceOrientationLandscapeLeft UIInterfaceOrientationLandscapeRight";
				INFOPLIST_KEY_UISupportedInterfaceOrientations_iPhone = "UIInterfaceOrientationPortrait UIInterfaceOrientationLandscapeLeft UIInterfaceOrientationLandscapeRight";
				LD_RUNPATH_SEARCH_PATHS = (
					"$(inherited)",
					"@executable_path/Frameworks",
				);
				MARKETING_VERSION = 1.0;
				PRODUCT_BUNDLE_IDENTIFIER = com.kr.ssh.ComposableNavigationDemo;
				PRODUCT_NAME = "$(TARGET_NAME)";
				SWIFT_EMIT_LOC_STRINGS = YES;
				SWIFT_VERSION = 5.0;
				TARGETED_DEVICE_FAMILY = "1,2";
			};
			name = Release;
		};
/* End XCBuildConfiguration section */

/* Begin XCConfigurationList section */
		52BD903C2AE82B67005671C5 /* Build configuration list for PBXProject "ComposableNavigationDemo" */ = {
			isa = XCConfigurationList;
			buildConfigurations = (
				52BD904D2AE82B69005671C5 /* Debug */,
				52BD904E2AE82B69005671C5 /* Release */,
			);
			defaultConfigurationIsVisible = 0;
			defaultConfigurationName = Release;
		};
		52BD904F2AE82B69005671C5 /* Build configuration list for PBXNativeTarget "ComposableNavigationDemo" */ = {
			isa = XCConfigurationList;
			buildConfigurations = (
				52BD90502AE82B69005671C5 /* Debug */,
				52BD90512AE82B69005671C5 /* Release */,
			);
			defaultConfigurationIsVisible = 0;
			defaultConfigurationName = Release;
		};
/* End XCConfigurationList section */

/* Begin XCRemoteSwiftPackageReference section */
		52BD90522AE82BC0005671C5 /* XCRemoteSwiftPackageReference "swift-composable-architecture" */ = {
			isa = XCRemoteSwiftPackageReference;
			repositoryURL = "https://github.com/pointfreeco/swift-composable-architecture";
			requirement = {
				kind = upToNextMajorVersion;
				minimumVersion = 1.2.0;
			};
		};
/* End XCRemoteSwiftPackageReference section */

/* Begin XCSwiftPackageProductDependency section */
		52BD90532AE82BC0005671C5 /* ComposableArchitecture */ = {
			isa = XCSwiftPackageProductDependency;
			package = 52BD90522AE82BC0005671C5 /* XCRemoteSwiftPackageReference "swift-composable-architecture" */;
			productName = ComposableArchitecture;
		};
/* End XCSwiftPackageProductDependency section */
	};
	rootObject = 52BD90392AE82B67005671C5 /* Project object */;
}
